
Microsoft Visual Studio Solution File, Format Version 12.00
# Visual Studio Version 17
VisualStudioVersion = 17.14.36429.23 d17.14
MinimumVisualStudioVersion = 10.0.40219.1
Project("{FAE04EC0-301F-11D3-BF4B-00C04F79EFBC}") = "ECommerceBookStore", "ECommerceBookStore\ECommerceBookStore.csproj", "{DDE38C1A-6574-4E9B-9AAC-FBCFB580FB03}"
EndProject
Global
	GlobalSection(SolutionConfigurationPlatforms) = preSolution
		Debug|Any CPU = Debug|Any CPU
		Release|Any CPU = Release|Any CPU
	EndGlobalSection
	GlobalSection(ProjectConfigurationPlatforms) = postSolution
		{DDE38C1A-6574-4E9B-9AAC-FBCFB580FB03}.Debug|Any CPU.ActiveCfg = Debug|Any CPU
		{DDE38C1A-6574-4E9B-9AAC-FBCFB580FB03}.Debug|Any CPU.Build.0 = Debug|Any CPU
		{DDE38C1A-6574-4E9B-9AAC-FBCFB580FB03}.Release|Any CPU.ActiveCfg = Release|Any CPU
		{DDE38C1A-6574-4E9B-9AAC-FBCFB580FB03}.Release|Any CPU.Build.0 = Release|Any CPU
	EndGlobalSection
	GlobalSection(SolutionProperties) = preSolution
		HideSolutionNode = FALSE
	EndGlobalSection
	GlobalSection(ExtensibilityGlobals) = postSolution
		SolutionGuid = {69404104-0433-4A00-9ED6-1A591F390088}
	EndGlobalSection
EndGlobal
